
Microsoft Visual Studio Solution File, Format Version 12.00
# Visual Studio 15
VisualStudioVersion = 15.0.28010.2041
MinimumVisualStudioVersion = 10.0.40219.1
Project("{FAE04EC0-301F-11D3-BF4B-00C04F79EFBC}") = "ArchitectureFramework", "ArchitectureFramework\ArchitectureFramework.csproj", "{FA7CFF06-1040-427B-A270-5618F1BCC465}"
EndProject
Global
	GlobalSection(SolutionConfigurationPlatforms) = preSolution
		Debug|Any CPU = Debug|Any CPU
		Release|Any CPU = Release|Any CPU
	EndGlobalSection
	GlobalSection(ProjectConfigurationPlatforms) = postSolution
		{FA7CFF06-1040-427B-A270-5618F1BCC465}.Debug|Any CPU.ActiveCfg = Debug|Any CPU
		{FA7CFF06-1040-427B-A270-5618F1BCC465}.Debug|Any CPU.Build.0 = Debug|Any CPU
		{FA7CFF06-1040-427B-A270-5618F1BCC465}.Release|Any CPU.ActiveCfg = Release|Any CPU
		{FA7CFF06-1040-427B-A270-5618F1BCC465}.Release|Any CPU.Build.0 = Release|Any CPU
	EndGlobalSection
	GlobalSection(SolutionProperties) = preSolution
		HideSolutionNode = FALSE
	EndGlobalSection
	GlobalSection(ExtensibilityGlobals) = postSolution
		SolutionGuid = {B4C67E75-07A6-4676-942A-8066849449C1}
	EndGlobalSection
EndGlobal
